
Microsoft Visual Studio Solution File, Format Version 12.00
# Visual Studio Version 16
VisualStudioVersion = 16.0.31105.61
MinimumVisualStudioVersion = 10.0.40219.1
Project("{2150E333-8FDC-42A3-9474-1A3956D46DE8}") = "Attribute", "Attribute", "{9B3380F0-F5D8-4960-94AA-B6ED8F48A50A}"
	ProjectSection(SolutionItems) = preProject
		参考网址.txt = 参考网址.txt
	EndProjectSection
EndProject
Project("{9A19103F-16F7-4668-BE54-9A1E7A4F7556}") = "AttributeLearning", "AttributeLearning\AttributeLearning.csproj", "{AA7D4AB3-419C-44A2-BDB4-F3B382088025}"
EndProject
Project("{9A19103F-16F7-4668-BE54-9A1E7A4F7556}") = "AttributeDemo", "AttributeDemo\AttributeDemo.csproj", "{0FC5CEC6-30C0-4443-A611-D346E6C7BF4F}"
EndProject
Project("{2150E333-8FDC-42A3-9474-1A3956D46DE8}") = "Configuration", "Configuration", "{7C97E30D-7084-481A-9F60-00290F5A5036}"
EndProject
Project("{9A19103F-16F7-4668-BE54-9A1E7A4F7556}") = "ConfigurationLearning", "ConfigurationLearning\ConfigurationLearning.csproj", "{43B6FA65-D4EC-4288-BD15-B410D08ECBC2}"
EndProject
Project("{9A19103F-16F7-4668-BE54-9A1E7A4F7556}") = "ConfigurationDemo", "ConfigurationDemo\ConfigurationDemo.csproj", "{068629DC-1F08-44E4-A7BB-4990240E952A}"
EndProject
Project("{9A19103F-16F7-4668-BE54-9A1E7A4F7556}") = "OptionsDemo", "OptionsDemo\OptionsDemo.csproj", "{CA0D9EA4-6966-4063-BDAC-5A0201AA36D7}"
EndProject
Project("{9A19103F-16F7-4668-BE54-9A1E7A4F7556}") = "MiddlewareDemo", "MiddlewareDemo\MiddlewareDemo.csproj", "{C27AF37C-E4E0-489D-AE1F-11453B6BFE57}"
EndProject
Project("{FAE04EC0-301F-11D3-BF4B-00C04F79EFBC}") = "AOPConsoleDemo", "AOPConsoleDemo\AOPConsoleDemo.csproj", "{F5D1DC79-FA42-4D93-91DF-7FA14D6E5AEE}"
EndProject
Project("{2150E333-8FDC-42A3-9474-1A3956D46DE8}") = "MemoryCache", "MemoryCache", "{05507C1D-E137-47A6-B830-CEB3D5195EC9}"
EndProject
Project("{FAE04EC0-301F-11D3-BF4B-00C04F79EFBC}") = "MemoryCacheConsoleDemo", "MemoryCacheConsoleDemo\MemoryCacheConsoleDemo.csproj", "{064AE0D1-6F80-4815-8B25-8CA793A2FF7D}"
EndProject
Project("{2150E333-8FDC-42A3-9474-1A3956D46DE8}") = "Filter", "Filter", "{464063E8-B0FB-4AE5-9954-9FE3FF40928D}"
EndProject
Project("{FAE04EC0-301F-11D3-BF4B-00C04F79EFBC}") = "MvcFilterDemo", "MvcFilterDemo\MvcFilterDemo.csproj", "{C0CCC0E3-D474-4AA8-86D0-9DD22A112C36}"
EndProject
Project("{FAE04EC0-301F-11D3-BF4B-00C04F79EFBC}") = "MediatorDemo", "MediaRDemo\MediatorDemo.csproj", "{87AE6407-B552-4B71-A157-F21B50BE7091}"
EndProject
Project("{FAE04EC0-301F-11D3-BF4B-00C04F79EFBC}") = "MediatRConsoleDemo", "MediaRConsoleDemo\MediatRConsoleDemo.csproj", "{A66BE02E-1729-4D65-90A9-E7DDA2C43D97}"
EndProject
Global
	GlobalSection(SolutionConfigurationPlatforms) = preSolution
		Debug|Any CPU = Debug|Any CPU
		Release|Any CPU = Release|Any CPU
	EndGlobalSection
	GlobalSection(ProjectConfigurationPlatforms) = postSolution
		{AA7D4AB3-419C-44A2-BDB4-F3B382088025}.Debug|Any CPU.ActiveCfg = Debug|Any CPU
		{AA7D4AB3-419C-44A2-BDB4-F3B382088025}.Debug|Any CPU.Build.0 = Debug|Any CPU
		{AA7D4AB3-419C-44A2-BDB4-F3B382088025}.Release|Any CPU.ActiveCfg = Release|Any CPU
		{AA7D4AB3-419C-44A2-BDB4-F3B382088025}.Release|Any CPU.Build.0 = Release|Any CPU
		{0FC5CEC6-30C0-4443-A611-D346E6C7BF4F}.Debug|Any CPU.ActiveCfg = Debug|Any CPU
		{0FC5CEC6-30C0-4443-A611-D346E6C7BF4F}.Debug|Any CPU.Build.0 = Debug|Any CPU
		{0FC5CEC6-30C0-4443-A611-D346E6C7BF4F}.Release|Any CPU.ActiveCfg = Release|Any CPU
		{0FC5CEC6-30C0-4443-A611-D346E6C7BF4F}.Release|Any CPU.Build.0 = Release|Any CPU
		{43B6FA65-D4EC-4288-BD15-B410D08ECBC2}.Debug|Any CPU.ActiveCfg = Debug|Any CPU
		{43B6FA65-D4EC-4288-BD15-B410D08ECBC2}.Debug|Any CPU.Build.0 = Debug|Any CPU
		{43B6FA65-D4EC-4288-BD15-B410D08ECBC2}.Release|Any CPU.ActiveCfg = Release|Any CPU
		{43B6FA65-D4EC-4288-BD15-B410D08ECBC2}.Release|Any CPU.Build.0 = Release|Any CPU
		{068629DC-1F08-44E4-A7BB-4990240E952A}.Debug|Any CPU.ActiveCfg = Debug|Any CPU
		{068629DC-1F08-44E4-A7BB-4990240E952A}.Debug|Any CPU.Build.0 = Debug|Any CPU
		{068629DC-1F08-44E4-A7BB-4990240E952A}.Release|Any CPU.ActiveCfg = Release|Any CPU
		{068629DC-1F08-44E4-A7BB-4990240E952A}.Release|Any CPU.Build.0 = Release|Any CPU
		{CA0D9EA4-6966-4063-BDAC-5A0201AA36D7}.Debug|Any CPU.ActiveCfg = Debug|Any CPU
		{CA0D9EA4-6966-4063-BDAC-5A0201AA36D7}.Debug|Any CPU.Build.0 = Debug|Any CPU
		{CA0D9EA4-6966-4063-BDAC-5A0201AA36D7}.Release|Any CPU.ActiveCfg = Release|Any CPU
		{CA0D9EA4-6966-4063-BDAC-5A0201AA36D7}.Release|Any CPU.Build.0 = Release|Any CPU
		{C27AF37C-E4E0-489D-AE1F-11453B6BFE57}.Debug|Any CPU.ActiveCfg = Debug|Any CPU
		{C27AF37C-E4E0-489D-AE1F-11453B6BFE57}.Debug|Any CPU.Build.0 = Debug|Any CPU
		{C27AF37C-E4E0-489D-AE1F-11453B6BFE57}.Release|Any CPU.ActiveCfg = Release|Any CPU
		{C27AF37C-E4E0-489D-AE1F-11453B6BFE57}.Release|Any CPU.Build.0 = Release|Any CPU
		{F5D1DC79-FA42-4D93-91DF-7FA14D6E5AEE}.Debug|Any CPU.ActiveCfg = Debug|Any CPU
		{F5D1DC79-FA42-4D93-91DF-7FA14D6E5AEE}.Debug|Any CPU.Build.0 = Debug|Any CPU
		{F5D1DC79-FA42-4D93-91DF-7FA14D6E5AEE}.Release|Any CPU.ActiveCfg = Release|Any CPU
		{F5D1DC79-FA42-4D93-91DF-7FA14D6E5AEE}.Release|Any CPU.Build.0 = Release|Any CPU
		{064AE0D1-6F80-4815-8B25-8CA793A2FF7D}.Debug|Any CPU.ActiveCfg = Debug|Any CPU
		{064AE0D1-6F80-4815-8B25-8CA793A2FF7D}.Debug|Any CPU.Build.0 = Debug|Any CPU
		{064AE0D1-6F80-4815-8B25-8CA793A2FF7D}.Release|Any CPU.ActiveCfg = Release|Any CPU
		{064AE0D1-6F80-4815-8B25-8CA793A2FF7D}.Release|Any CPU.Build.0 = Release|Any CPU
		{C0CCC0E3-D474-4AA8-86D0-9DD22A112C36}.Debug|Any CPU.ActiveCfg = Debug|Any CPU
		{C0CCC0E3-D474-4AA8-86D0-9DD22A112C36}.Debug|Any CPU.Build.0 = Debug|Any CPU
		{C0CCC0E3-D474-4AA8-86D0-9DD22A112C36}.Release|Any CPU.ActiveCfg = Release|Any CPU
		{C0CCC0E3-D474-4AA8-86D0-9DD22A112C36}.Release|Any CPU.Build.0 = Release|Any CPU
		{87AE6407-B552-4B71-A157-F21B50BE7091}.Debug|Any CPU.ActiveCfg = Debug|Any CPU
		{87AE6407-B552-4B71-A157-F21B50BE7091}.Debug|Any CPU.Build.0 = Debug|Any CPU
		{87AE6407-B552-4B71-A157-F21B50BE7091}.Release|Any CPU.ActiveCfg = Release|Any CPU
		{87AE6407-B552-4B71-A157-F21B50BE7091}.Release|Any CPU.Build.0 = Release|Any CPU
		{A66BE02E-1729-4D65-90A9-E7DDA2C43D97}.Debug|Any CPU.ActiveCfg = Debug|Any CPU
		{A66BE02E-1729-4D65-90A9-E7DDA2C43D97}.Debug|Any CPU.Build.0 = Debug|Any CPU
		{A66BE02E-1729-4D65-90A9-E7DDA2C43D97}.Release|Any CPU.ActiveCfg = Release|Any CPU
		{A66BE02E-1729-4D65-90A9-E7DDA2C43D97}.Release|Any CPU.Build.0 = Release|Any CPU
	EndGlobalSection
	GlobalSection(SolutionProperties) = preSolution
		HideSolutionNode = FALSE
	EndGlobalSection
	GlobalSection(NestedProjects) = preSolution
		{AA7D4AB3-419C-44A2-BDB4-F3B382088025} = {9B3380F0-F5D8-4960-94AA-B6ED8F48A50A}
		{0FC5CEC6-30C0-4443-A611-D346E6C7BF4F} = {9B3380F0-F5D8-4960-94AA-B6ED8F48A50A}
		{43B6FA65-D4EC-4288-BD15-B410D08ECBC2} = {7C97E30D-7084-481A-9F60-00290F5A5036}
		{068629DC-1F08-44E4-A7BB-4990240E952A} = {7C97E30D-7084-481A-9F60-00290F5A5036}
		{064AE0D1-6F80-4815-8B25-8CA793A2FF7D} = {05507C1D-E137-47A6-B830-CEB3D5195EC9}
		{C0CCC0E3-D474-4AA8-86D0-9DD22A112C36} = {464063E8-B0FB-4AE5-9954-9FE3FF40928D}
	EndGlobalSection
	GlobalSection(ExtensibilityGlobals) = postSolution
		SolutionGuid = {9859B6DD-C9BC-4A7D-906D-3E7A90E8D425}
	EndGlobalSection
EndGlobal
